// !$*UTF8*$!
{
	archiveVersion = 1;
	classes = {
	};
	objectVersion = 56;
	objects = {

/* Begin PBXBuildFile section */
		343CA16C2C31B4BE00716048 /* Weight.swift in Sources */ = {isa = PBXBuildFile; fileRef = 343CA16B2C31B4BE00716048 /* Weight.swift */; };
		343FE4282C2F0ECE00AC7A92 /* WeightView.swift in Sources */ = {isa = PBXBuildFile; fileRef = 343FE4272C2F0ECE00AC7A92 /* WeightView.swift */; };
		343FE42A2C2F13DE00AC7A92 /* AgeView.swift in Sources */ = {isa = PBXBuildFile; fileRef = 343FE4292C2F13DE00AC7A92 /* AgeView.swift */; };
		343FE42C2C2F160E00AC7A92 /* RecommendView.swift in Sources */ = {isa = PBXBuildFile; fileRef = 343FE42B2C2F160E00AC7A92 /* RecommendView.swift */; };
		343FE42E2C2F1FB600AC7A92 /* RegisterView.swift in Sources */ = {isa = PBXBuildFile; fileRef = 343FE42D2C2F1FB600AC7A92 /* RegisterView.swift */; };
		34A39A2A2C301F2500C908AD /* DiaryView.swift in Sources */ = {isa = PBXBuildFile; fileRef = 34A39A292C301F2500C908AD /* DiaryView.swift */; };
		34A39A2D2C30613600C908AD /* Meals.swift in Sources */ = {isa = PBXBuildFile; fileRef = 34A39A2C2C30613600C908AD /* Meals.swift */; };
		34A39A352C30710400C908AD /* ReceipesView.swift in Sources */ = {isa = PBXBuildFile; fileRef = 34A39A342C30710400C908AD /* ReceipesView.swift */; };
		34A39A372C30711700C908AD /* ReportsView.swift in Sources */ = {isa = PBXBuildFile; fileRef = 34A39A362C30711700C908AD /* ReportsView.swift */; };
		34ADDC882C2E57DC006A9A0A /* ActiveView.swift in Sources */ = {isa = PBXBuildFile; fileRef = 34ADDC872C2E57DC006A9A0A /* ActiveView.swift */; };
		34ADDC8A2C2E602F006A9A0A /* HeightView.swift in Sources */ = {isa = PBXBuildFile; fileRef = 34ADDC892C2E602F006A9A0A /* HeightView.swift */; };
		34AFEC7A2C3105F100DCCA65 /* Tab.swift in Sources */ = {isa = PBXBuildFile; fileRef = 34AFEC792C3105F100DCCA65 /* Tab.swift */; };
		34AFEC7C2C31135A00DCCA65 /* TabShape.swift in Sources */ = {isa = PBXBuildFile; fileRef = 34AFEC7B2C31135A00DCCA65 /* TabShape.swift */; };
		34AFEC7E2C3115CD00DCCA65 /* TabPosition.swift in Sources */ = {isa = PBXBuildFile; fileRef = 34AFEC7D2C3115CD00DCCA65 /* TabPosition.swift */; };
		34B641532C2D029F0070FF00 /* GoalViewUI.swift in Sources */ = {isa = PBXBuildFile; fileRef = 34B641522C2D029F0070FF00 /* GoalViewUI.swift */; };
		34C6C4D32C2DD09C00CBCB13 /* CardView.swift in Sources */ = {isa = PBXBuildFile; fileRef = 34C6C4D22C2DD09C00CBCB13 /* CardView.swift */; };
		34C6C4D52C2DD42700CBCB13 /* GenderView.swift in Sources */ = {isa = PBXBuildFile; fileRef = 34C6C4D42C2DD42700CBCB13 /* GenderView.swift */; };
		34D8A4792C2FD3240033A563 /* HomeView.swift in Sources */ = {isa = PBXBuildFile; fileRef = 34D8A4782C2FD3240033A563 /* HomeView.swift */; };
		34DBEF802C2C718B007747C4 /* LoginViewUI.swift in Sources */ = {isa = PBXBuildFile; fileRef = 34DBEF7F2C2C718B007747C4 /* LoginViewUI.swift */; };
		34DBEF862C2C7CC3007747C4 /* ForgotPasswordViewUI.swift in Sources */ = {isa = PBXBuildFile; fileRef = 34DBEF852C2C7CC3007747C4 /* ForgotPasswordViewUI.swift */; };
		34DF09682C2BAD78009C6144 /* Calorie_MeterApp.swift in Sources */ = {isa = PBXBuildFile; fileRef = 34DF09672C2BAD78009C6144 /* Calorie_MeterApp.swift */; };
		34DF096A2C2BAD78009C6144 /* ContentView.swift in Sources */ = {isa = PBXBuildFile; fileRef = 34DF09692C2BAD78009C6144 /* ContentView.swift */; };
		34DF096C2C2BAD79009C6144 /* Assets.xcassets in Resources */ = {isa = PBXBuildFile; fileRef = 34DF096B2C2BAD79009C6144 /* Assets.xcassets */; };
		34DF096F2C2BAD79009C6144 /* Preview Assets.xcassets in Resources */ = {isa = PBXBuildFile; fileRef = 34DF096E2C2BAD79009C6144 /* Preview Assets.xcassets */; };
		34DF09792C2BAD79009C6144 /* Calorie_MeterTests.swift in Sources */ = {isa = PBXBuildFile; fileRef = 34DF09782C2BAD79009C6144 /* Calorie_MeterTests.swift */; };
		34DF09832C2BAD79009C6144 /* Calorie_MeterUITests.swift in Sources */ = {isa = PBXBuildFile; fileRef = 34DF09822C2BAD79009C6144 /* Calorie_MeterUITests.swift */; };
		34DF09852C2BAD79009C6144 /* Calorie_MeterUITestsLaunchTests.swift in Sources */ = {isa = PBXBuildFile; fileRef = 34DF09842C2BAD79009C6144 /* Calorie_MeterUITestsLaunchTests.swift */; };
		34DF09962C2BB24E009C6144 /* PrimaryButtonUI.swift in Sources */ = {isa = PBXBuildFile; fileRef = 34DF09952C2BB24E009C6144 /* PrimaryButtonUI.swift */; };
		34E86B122C2FCCEB0009645D /* WelcomeView.swift in Sources */ = {isa = PBXBuildFile; fileRef = 34E86B112C2FCCEB0009645D /* WelcomeView.swift */; };
/* End PBXBuildFile section */

/* Begin PBXContainerItemProxy section */
		34DF09752C2BAD79009C6144 /* PBXContainerItemProxy */ = {
			isa = PBXContainerItemProxy;
			containerPortal = 34DF095C2C2BAD78009C6144 /* Project object */;
			proxyType = 1;
			remoteGlobalIDString = 34DF09632C2BAD78009C6144;
			remoteInfo = "Calorie Meter";
		};
		34DF097F2C2BAD79009C6144 /* PBXContainerItemProxy */ = {
			isa = PBXContainerItemProxy;
			containerPortal = 34DF095C2C2BAD78009C6144 /* Project object */;
			proxyType = 1;
			remoteGlobalIDString = 34DF09632C2BAD78009C6144;
			remoteInfo = "Calorie Meter";
		};
/* End PBXContainerItemProxy section */

/* Begin PBXFileReference section */
		343CA16B2C31B4BE00716048 /* Weight.swift */ = {isa = PBXFileReference; lastKnownFileType = sourcecode.swift; path = Weight.swift; sourceTree = "<group>"; };
		343FE4272C2F0ECE00AC7A92 /* WeightView.swift */ = {isa = PBXFileReference; lastKnownFileType = sourcecode.swift; path = WeightView.swift; sourceTree = "<group>"; };
		343FE4292C2F13DE00AC7A92 /* AgeView.swift */ = {isa = PBXFileReference; lastKnownFileType = sourcecode.swift; path = AgeView.swift; sourceTree = "<group>"; };
		343FE42B2C2F160E00AC7A92 /* RecommendView.swift */ = {isa = PBXFileReference; lastKnownFileType = sourcecode.swift; path = RecommendView.swift; sourceTree = "<group>"; };
		343FE42D2C2F1FB600AC7A92 /* RegisterView.swift */ = {isa = PBXFileReference; lastKnownFileType = sourcecode.swift; path = RegisterView.swift; sourceTree = "<group>"; };
		34A39A292C301F2500C908AD /* DiaryView.swift */ = {isa = PBXFileReference; lastKnownFileType = sourcecode.swift; path = DiaryView.swift; sourceTree = "<group>"; };
		34A39A2C2C30613600C908AD /* Meals.swift */ = {isa = PBXFileReference; lastKnownFileType = sourcecode.swift; path = Meals.swift; sourceTree = "<group>"; };
		34A39A342C30710400C908AD /* ReceipesView.swift */ = {isa = PBXFileReference; lastKnownFileType = sourcecode.swift; path = ReceipesView.swift; sourceTree = "<group>"; };
		34A39A362C30711700C908AD /* ReportsView.swift */ = {isa = PBXFileReference; lastKnownFileType = sourcecode.swift; path = ReportsView.swift; sourceTree = "<group>"; };
		34ADDC872C2E57DC006A9A0A /* ActiveView.swift */ = {isa = PBXFileReference; lastKnownFileType = sourcecode.swift; path = ActiveView.swift; sourceTree = "<group>"; };
		34ADDC892C2E602F006A9A0A /* HeightView.swift */ = {isa = PBXFileReference; lastKnownFileType = sourcecode.swift; path = HeightView.swift; sourceTree = "<group>"; };
		34AFEC792C3105F100DCCA65 /* Tab.swift */ = {isa = PBXFileReference; lastKnownFileType = sourcecode.swift; path = Tab.swift; sourceTree = "<group>"; };
		34AFEC7B2C31135A00DCCA65 /* TabShape.swift */ = {isa = PBXFileReference; lastKnownFileType = sourcecode.swift; path = TabShape.swift; sourceTree = "<group>"; };
		34AFEC7D2C3115CD00DCCA65 /* TabPosition.swift */ = {isa = PBXFileReference; lastKnownFileType = sourcecode.swift; path = TabPosition.swift; sourceTree = "<group>"; };
		34B641522C2D029F0070FF00 /* GoalViewUI.swift */ = {isa = PBXFileReference; lastKnownFileType = sourcecode.swift; path = GoalViewUI.swift; sourceTree = "<group>"; };
		34C6C4D22C2DD09C00CBCB13 /* CardView.swift */ = {isa = PBXFileReference; lastKnownFileType = sourcecode.swift; path = CardView.swift; sourceTree = "<group>"; };
		34C6C4D42C2DD42700CBCB13 /* GenderView.swift */ = {isa = PBXFileReference; lastKnownFileType = sourcecode.swift; path = GenderView.swift; sourceTree = "<group>"; };
		34D8A4782C2FD3240033A563 /* HomeView.swift */ = {isa = PBXFileReference; lastKnownFileType = sourcecode.swift; path = HomeView.swift; sourceTree = "<group>"; };
		34DBEF7F2C2C718B007747C4 /* LoginViewUI.swift */ = {isa = PBXFileReference; lastKnownFileType = sourcecode.swift; path = LoginViewUI.swift; sourceTree = "<group>"; };
		34DBEF852C2C7CC3007747C4 /* ForgotPasswordViewUI.swift */ = {isa = PBXFileReference; lastKnownFileType = sourcecode.swift; path = ForgotPasswordViewUI.swift; sourceTree = "<group>"; };
		34DF09642C2BAD78009C6144 /* Calorie Meter.app */ = {isa = PBXFileReference; explicitFileType = wrapper.application; includeInIndex = 0; path = "Calorie Meter.app"; sourceTree = BUILT_PRODUCTS_DIR; };
		34DF09672C2BAD78009C6144 /* Calorie_MeterApp.swift */ = {isa = PBXFileReference; lastKnownFileType = sourcecode.swift; path = Calorie_MeterApp.swift; sourceTree = "<group>"; };
		34DF09692C2BAD78009C6144 /* ContentView.swift */ = {isa = PBXFileReference; lastKnownFileType = sourcecode.swift; path = ContentView.swift; sourceTree = "<group>"; };
		34DF096B2C2BAD79009C6144 /* Assets.xcassets */ = {isa = PBXFileReference; lastKnownFileType = folder.assetcatalog; path = Assets.xcassets; sourceTree = "<group>"; };
		34DF096E2C2BAD79009C6144 /* Preview Assets.xcassets */ = {isa = PBXFileReference; lastKnownFileType = folder.assetcatalog; path = "Preview Assets.xcassets"; sourceTree = "<group>"; };
		34DF09742C2BAD79009C6144 /* Calorie MeterTests.xctest */ = {isa = PBXFileReference; explicitFileType = wrapper.cfbundle; includeInIndex = 0; path = "Calorie MeterTests.xctest"; sourceTree = BUILT_PRODUCTS_DIR; };
		34DF09782C2BAD79009C6144 /* Calorie_MeterTests.swift */ = {isa = PBXFileReference; lastKnownFileType = sourcecode.swift; path = Calorie_MeterTests.swift; sourceTree = "<group>"; };
		34DF097E2C2BAD79009C6144 /* Calorie MeterUITests.xctest */ = {isa = PBXFileReference; explicitFileType = wrapper.cfbundle; includeInIndex = 0; path = "Calorie MeterUITests.xctest"; sourceTree = BUILT_PRODUCTS_DIR; };
		34DF09822C2BAD79009C6144 /* Calorie_MeterUITests.swift */ = {isa = PBXFileReference; lastKnownFileType = sourcecode.swift; path = Calorie_MeterUITests.swift; sourceTree = "<group>"; };
		34DF09842C2BAD79009C6144 /* Calorie_MeterUITestsLaunchTests.swift */ = {isa = PBXFileReference; lastKnownFileType = sourcecode.swift; path = Calorie_MeterUITestsLaunchTests.swift; sourceTree = "<group>"; };
		34DF09952C2BB24E009C6144 /* PrimaryButtonUI.swift */ = {isa = PBXFileReference; lastKnownFileType = sourcecode.swift; path = PrimaryButtonUI.swift; sourceTree = "<group>"; };
		34E86B112C2FCCEB0009645D /* WelcomeView.swift */ = {isa = PBXFileReference; fileEncoding = 4; lastKnownFileType = sourcecode.swift; name = WelcomeView.swift; path = "Calorie Meter/WelcomeView.swift"; sourceTree = SOURCE_ROOT; };
/* End PBXFileReference section */

/* Begin PBXFrameworksBuildPhase section */
		34DF09612C2BAD78009C6144 /* Frameworks */ = {
			isa = PBXFrameworksBuildPhase;
			buildActionMask = 2147483647;
			files = (
			);
			runOnlyForDeploymentPostprocessing = 0;
		};
		34DF09712C2BAD79009C6144 /* Frameworks */ = {
			isa = PBXFrameworksBuildPhase;
			buildActionMask = 2147483647;
			files = (
			);
			runOnlyForDeploymentPostprocessing = 0;
		};
		34DF097B2C2BAD79009C6144 /* Frameworks */ = {
			isa = PBXFrameworksBuildPhase;
			buildActionMask = 2147483647;
			files = (
			);
			runOnlyForDeploymentPostprocessing = 0;
		};
/* End PBXFrameworksBuildPhase section */

/* Begin PBXGroup section */
		343CA16A2C31B4AA00716048 /* Model */ = {
			isa = PBXGroup;
			children = (
				343CA16B2C31B4BE00716048 /* Weight.swift */,
			);
			path = Model;
			sourceTree = "<group>";
		};
		34A39A272C301F0D00C908AD /* Diary */ = {
			isa = PBXGroup;
			children = (
				34A39A2B2C30612000C908AD /* Model */,
				34A39A282C301F1800C908AD /* View */,
			);
			path = Diary;
			sourceTree = "<group>";
		};
		34A39A282C301F1800C908AD /* View */ = {
			isa = PBXGroup;
			children = (
				34A39A292C301F2500C908AD /* DiaryView.swift */,
			);
			path = View;
			sourceTree = "<group>";
		};
		34A39A2B2C30612000C908AD /* Model */ = {
			isa = PBXGroup;
			children = (
				34A39A2C2C30613600C908AD /* Meals.swift */,
			);
			path = Model;
			sourceTree = "<group>";
		};
		34A39A2E2C3070D000C908AD /* Receipes */ = {
			isa = PBXGroup;
			children = (
				34A39A312C3070E700C908AD /* View */,
			);
			path = Receipes;
			sourceTree = "<group>";
		};
		34A39A2F2C3070D700C908AD /* Reports */ = {
			isa = PBXGroup;
			children = (
				343CA16A2C31B4AA00716048 /* Model */,
				34A39A302C3070DE00C908AD /* View */,
			);
			path = Reports;
			sourceTree = "<group>";
		};
		34A39A302C3070DE00C908AD /* View */ = {
			isa = PBXGroup;
			children = (
				34A39A362C30711700C908AD /* ReportsView.swift */,
			);
			path = View;
			sourceTree = "<group>";
		};
		34A39A312C3070E700C908AD /* View */ = {
			isa = PBXGroup;
			children = (
				34A39A342C30710400C908AD /* ReceipesView.swift */,
			);
			path = View;
			sourceTree = "<group>";
		};
		34AFEC782C3105DF00DCCA65 /* Model */ = {
			isa = PBXGroup;
			children = (
				34AFEC792C3105F100DCCA65 /* Tab.swift */,
			);
			path = Model;
			sourceTree = "<group>";
		};
		34B641502C2D02860070FF00 /* Registration */ = {
			isa = PBXGroup;
			children = (
				34B641512C2D028E0070FF00 /* View */,
			);
			path = Registration;
			sourceTree = "<group>";
		};
		34B641512C2D028E0070FF00 /* View */ = {
			isa = PBXGroup;
			children = (
				34B641522C2D029F0070FF00 /* GoalViewUI.swift */,
				34C6C4D22C2DD09C00CBCB13 /* CardView.swift */,
				34C6C4D42C2DD42700CBCB13 /* GenderView.swift */,
				34ADDC872C2E57DC006A9A0A /* ActiveView.swift */,
				34ADDC892C2E602F006A9A0A /* HeightView.swift */,
				343FE4272C2F0ECE00AC7A92 /* WeightView.swift */,
				343FE4292C2F13DE00AC7A92 /* AgeView.swift */,
				343FE42B2C2F160E00AC7A92 /* RecommendView.swift */,
				343FE42D2C2F1FB600AC7A92 /* RegisterView.swift */,
			);
			path = View;
			sourceTree = "<group>";
		};
		34DBEF7B2C2C715C007747C4 /* Login */ = {
			isa = PBXGroup;
			children = (
				34DBEF7E2C2C7173007747C4 /* View */,
				34DBEF7D2C2C716A007747C4 /* ViewModel */,
				34DBEF7C2C2C7165007747C4 /* Model */,
			);
			path = Login;
			sourceTree = "<group>";
		};
		34DBEF7C2C2C7165007747C4 /* Model */ = {
			isa = PBXGroup;
			children = (
			);
			path = Model;
			sourceTree = "<group>";
		};
		34DBEF7D2C2C716A007747C4 /* ViewModel */ = {
			isa = PBXGroup;
			children = (
			);
			path = ViewModel;
			sourceTree = "<group>";
		};
		34DBEF7E2C2C7173007747C4 /* View */ = {
			isa = PBXGroup;
			children = (
				34DBEF7F2C2C718B007747C4 /* LoginViewUI.swift */,
				34DBEF852C2C7CC3007747C4 /* ForgotPasswordViewUI.swift */,
			);
			path = View;
			sourceTree = "<group>";
		};
		34DF095B2C2BAD78009C6144 = {
			isa = PBXGroup;
			children = (
				34DF09662C2BAD78009C6144 /* Calorie Meter */,
				34DF09772C2BAD79009C6144 /* Calorie MeterTests */,
				34DF09812C2BAD79009C6144 /* Calorie MeterUITests */,
				34DF09652C2BAD78009C6144 /* Products */,
			);
			sourceTree = "<group>";
		};
		34DF09652C2BAD78009C6144 /* Products */ = {
			isa = PBXGroup;
			children = (
				34DF09642C2BAD78009C6144 /* Calorie Meter.app */,
				34DF09742C2BAD79009C6144 /* Calorie MeterTests.xctest */,
				34DF097E2C2BAD79009C6144 /* Calorie MeterUITests.xctest */,
			);
			name = Products;
			sourceTree = "<group>";
		};
		34DF09662C2BAD78009C6144 /* Calorie Meter */ = {
			isa = PBXGroup;
			children = (
				34A39A2F2C3070D700C908AD /* Reports */,
				34A39A2E2C3070D000C908AD /* Receipes */,
				34A39A272C301F0D00C908AD /* Diary */,
				34E86B132C2FCF690009645D /* Home */,
				34E86B0F2C2FCCBD0009645D /* Welcome */,
				34B641502C2D02860070FF00 /* Registration */,
				34DBEF7B2C2C715C007747C4 /* Login */,
				34DF09912C2BB206009C6144 /* PrimaryButton */,
				34DF09672C2BAD78009C6144 /* Calorie_MeterApp.swift */,
				34DF09692C2BAD78009C6144 /* ContentView.swift */,
				34DF096B2C2BAD79009C6144 /* Assets.xcassets */,
				34DF096D2C2BAD79009C6144 /* Preview Content */,
			);
			path = "Calorie Meter";
			sourceTree = "<group>";
		};
		34DF096D2C2BAD79009C6144 /* Preview Content */ = {
			isa = PBXGroup;
			children = (
				34DF096E2C2BAD79009C6144 /* Preview Assets.xcassets */,
			);
			path = "Preview Content";
			sourceTree = "<group>";
		};
		34DF09772C2BAD79009C6144 /* Calorie MeterTests */ = {
			isa = PBXGroup;
			children = (
				34DF09782C2BAD79009C6144 /* Calorie_MeterTests.swift */,
			);
			path = "Calorie MeterTests";
			sourceTree = "<group>";
		};
		34DF09812C2BAD79009C6144 /* Calorie MeterUITests */ = {
			isa = PBXGroup;
			children = (
				34DF09822C2BAD79009C6144 /* Calorie_MeterUITests.swift */,
				34DF09842C2BAD79009C6144 /* Calorie_MeterUITestsLaunchTests.swift */,
			);
			path = "Calorie MeterUITests";
			sourceTree = "<group>";
		};
		34DF09912C2BB206009C6144 /* PrimaryButton */ = {
			isa = PBXGroup;
			children = (
				34DF09942C2BB231009C6144 /* Model */,
				34DF09932C2BB22B009C6144 /* ViewModel */,
				34DF09922C2BB218009C6144 /* View */,
			);
			path = PrimaryButton;
			sourceTree = "<group>";
		};
		34DF09922C2BB218009C6144 /* View */ = {
			isa = PBXGroup;
			children = (
				34DF09952C2BB24E009C6144 /* PrimaryButtonUI.swift */,
			);
			path = View;
			sourceTree = "<group>";
		};
		34DF09932C2BB22B009C6144 /* ViewModel */ = {
			isa = PBXGroup;
			children = (
			);
			path = ViewModel;
			sourceTree = "<group>";
		};
		34DF09942C2BB231009C6144 /* Model */ = {
			isa = PBXGroup;
			children = (
			);
			path = Model;
			sourceTree = "<group>";
		};
		34E86B0F2C2FCCBD0009645D /* Welcome */ = {
			isa = PBXGroup;
			children = (
				34E86B102C2FCCC40009645D /* View */,
			);
			path = Welcome;
			sourceTree = "<group>";
		};
		34E86B102C2FCCC40009645D /* View */ = {
			isa = PBXGroup;
			children = (
				34E86B112C2FCCEB0009645D /* WelcomeView.swift */,
			);
			path = View;
			sourceTree = "<group>";
		};
		34E86B132C2FCF690009645D /* Home */ = {
			isa = PBXGroup;
			children = (
				34AFEC782C3105DF00DCCA65 /* Model */,
				34E86B142C2FCF750009645D /* View */,
			);
			path = Home;
			sourceTree = "<group>";
		};
		34E86B142C2FCF750009645D /* View */ = {
			isa = PBXGroup;
			children = (
				34D8A4782C2FD3240033A563 /* HomeView.swift */,
				34AFEC7B2C31135A00DCCA65 /* TabShape.swift */,
				34AFEC7D2C3115CD00DCCA65 /* TabPosition.swift */,
			);
			path = View;
			sourceTree = "<group>";
		};
/* End PBXGroup section */

/* Begin PBXNativeTarget section */
		34DF09632C2BAD78009C6144 /* Calorie Meter */ = {
			isa = PBXNativeTarget;
			buildConfigurationList = 34DF09882C2BAD79009C6144 /* Build configuration list for PBXNativeTarget "Calorie Meter" */;
			buildPhases = (
				34DF09602C2BAD78009C6144 /* Sources */,
				34DF09612C2BAD78009C6144 /* Frameworks */,
				34DF09622C2BAD78009C6144 /* Resources */,
			);
			buildRules = (
			);
			dependencies = (
			);
			name = "Calorie Meter";
			productName = "Calorie Meter";
			productReference = 34DF09642C2BAD78009C6144 /* Calorie Meter.app */;
			productType = "com.apple.product-type.application";
		};
		34DF09732C2BAD79009C6144 /* Calorie MeterTests */ = {
			isa = PBXNativeTarget;
			buildConfigurationList = 34DF098B2C2BAD79009C6144 /* Build configuration list for PBXNativeTarget "Calorie MeterTests" */;
			buildPhases = (
				34DF09702C2BAD79009C6144 /* Sources */,
				34DF09712C2BAD79009C6144 /* Frameworks */,
				34DF09722C2BAD79009C6144 /* Resources */,
			);
			buildRules = (
			);
			dependencies = (
				34DF09762C2BAD79009C6144 /* PBXTargetDependency */,
			);
			name = "Calorie MeterTests";
			productName = "Calorie MeterTests";
			productReference = 34DF09742C2BAD79009C6144 /* Calorie MeterTests.xctest */;
			productType = "com.apple.product-type.bundle.unit-test";
		};
		34DF097D2C2BAD79009C6144 /* Calorie MeterUITests */ = {
			isa = PBXNativeTarget;
			buildConfigurationList = 34DF098E2C2BAD79009C6144 /* Build configuration list for PBXNativeTarget "Calorie MeterUITests" */;
			buildPhases = (
				34DF097A2C2BAD79009C6144 /* Sources */,
				34DF097B2C2BAD79009C6144 /* Frameworks */,
				34DF097C2C2BAD79009C6144 /* Resources */,
			);
			buildRules = (
			);
			dependencies = (
				34DF09802C2BAD79009C6144 /* PBXTargetDependency */,
			);
			name = "Calorie MeterUITests";
			productName = "Calorie MeterUITests";
			productReference = 34DF097E2C2BAD79009C6144 /* Calorie MeterUITests.xctest */;
			productType = "com.apple.product-type.bundle.ui-testing";
		};
/* End PBXNativeTarget section */

/* Begin PBXProject section */
		34DF095C2C2BAD78009C6144 /* Project object */ = {
			isa = PBXProject;
			attributes = {
				BuildIndependentTargetsInParallel = 1;
				LastSwiftUpdateCheck = 1540;
				LastUpgradeCheck = 1540;
				TargetAttributes = {
					34DF09632C2BAD78009C6144 = {
						CreatedOnToolsVersion = 15.4;
					};
					34DF09732C2BAD79009C6144 = {
						CreatedOnToolsVersion = 15.4;
						TestTargetID = 34DF09632C2BAD78009C6144;
					};
					34DF097D2C2BAD79009C6144 = {
						CreatedOnToolsVersion = 15.4;
						TestTargetID = 34DF09632C2BAD78009C6144;
					};
				};
			};
			buildConfigurationList = 34DF095F2C2BAD78009C6144 /* Build configuration list for PBXProject "Calorie Meter" */;
			compatibilityVersion = "Xcode 14.0";
			developmentRegion = en;
			hasScannedForEncodings = 0;
			knownRegions = (
				en,
				Base,
			);
			mainGroup = 34DF095B2C2BAD78009C6144;
			productRefGroup = 34DF09652C2BAD78009C6144 /* Products */;
			projectDirPath = "";
			projectRoot = "";
			targets = (
				34DF09632C2BAD78009C6144 /* Calorie Meter */,
				34DF09732C2BAD79009C6144 /* Calorie MeterTests */,
				34DF097D2C2BAD79009C6144 /* Calorie MeterUITests */,
			);
		};
/* End PBXProject section */

/* Begin PBXResourcesBuildPhase section */
		34DF09622C2BAD78009C6144 /* Resources */ = {
			isa = PBXResourcesBuildPhase;
			buildActionMask = 2147483647;
			files = (
				34DF096F2C2BAD79009C6144 /* Preview Assets.xcassets in Resources */,
				34DF096C2C2BAD79009C6144 /* Assets.xcassets in Resources */,
			);
			runOnlyForDeploymentPostprocessing = 0;
		};
		34DF09722C2BAD79009C6144 /* Resources */ = {
			isa = PBXResourcesBuildPhase;
			buildActionMask = 2147483647;
			files = (
			);
			runOnlyForDeploymentPostprocessing = 0;
		};
		34DF097C2C2BAD79009C6144 /* Resources */ = {
			isa = PBXResourcesBuildPhase;
			buildActionMask = 2147483647;
			files = (
			);
			runOnlyForDeploymentPostprocessing = 0;
		};
/* End PBXResourcesBuildPhase section */

/* Begin PBXSourcesBuildPhase section */
		34DF09602C2BAD78009C6144 /* Sources */ = {
			isa = PBXSourcesBuildPhase;
			buildActionMask = 2147483647;
			files = (
				34AFEC7E2C3115CD00DCCA65 /* TabPosition.swift in Sources */,
				34A39A2D2C30613600C908AD /* Meals.swift in Sources */,
				34AFEC7C2C31135A00DCCA65 /* TabShape.swift in Sources */,
				34C6C4D52C2DD42700CBCB13 /* GenderView.swift in Sources */,
				34DBEF862C2C7CC3007747C4 /* ForgotPasswordViewUI.swift in Sources */,
				34ADDC882C2E57DC006A9A0A /* ActiveView.swift in Sources */,
				34A39A352C30710400C908AD /* ReceipesView.swift in Sources */,
				34B641532C2D029F0070FF00 /* GoalViewUI.swift in Sources */,
				34AFEC7A2C3105F100DCCA65 /* Tab.swift in Sources */,
				34A39A372C30711700C908AD /* ReportsView.swift in Sources */,
				34DF096A2C2BAD78009C6144 /* ContentView.swift in Sources */,
				34DF09682C2BAD78009C6144 /* Calorie_MeterApp.swift in Sources */,
				343FE42E2C2F1FB600AC7A92 /* RegisterView.swift in Sources */,
				343FE4282C2F0ECE00AC7A92 /* WeightView.swift in Sources */,
				34DBEF802C2C718B007747C4 /* LoginViewUI.swift in Sources */,
				34C6C4D32C2DD09C00CBCB13 /* CardView.swift in Sources */,
				34E86B122C2FCCEB0009645D /* WelcomeView.swift in Sources */,
				34A39A2A2C301F2500C908AD /* DiaryView.swift in Sources */,
				34DF09962C2BB24E009C6144 /* PrimaryButtonUI.swift in Sources */,
				343FE42A2C2F13DE00AC7A92 /* AgeView.swift in Sources */,
				34D8A4792C2FD3240033A563 /* HomeView.swift in Sources */,
				34ADDC8A2C2E602F006A9A0A /* HeightView.swift in Sources */,
				343FE42C2C2F160E00AC7A92 /* RecommendView.swift in Sources */,
				343CA16C2C31B4BE00716048 /* Weight.swift in Sources */,
			);
			runOnlyForDeploymentPostprocessing = 0;
		};
		34DF09702C2BAD79009C6144 /* Sources */ = {
			isa = PBXSourcesBuildPhase;
			buildActionMask = 2147483647;
			files = (
				34DF09792C2BAD79009C6144 /* Calorie_MeterTests.swift in Sources */,
			);
			runOnlyForDeploymentPostprocessing = 0;
		};
		34DF097A2C2BAD79009C6144 /* Sources */ = {
			isa = PBXSourcesBuildPhase;
			buildActionMask = 2147483647;
			files = (
				34DF09852C2BAD79009C6144 /* Calorie_MeterUITestsLaunchTests.swift in Sources */,
				34DF09832C2BAD79009C6144 /* Calorie_MeterUITests.swift in Sources */,
			);
			runOnlyForDeploymentPostprocessing = 0;
		};
/* End PBXSourcesBuildPhase section */

/* Begin PBXTargetDependency section */
		34DF09762C2BAD79009C6144 /* PBXTargetDependency */ = {
			isa = PBXTargetDependency;
			target = 34DF09632C2BAD78009C6144 /* Calorie Meter */;
			targetProxy = 34DF09752C2BAD79009C6144 /* PBXContainerItemProxy */;
		};
		34DF09802C2BAD79009C6144 /* PBXTargetDependency */ = {
			isa = PBXTargetDependency;
			target = 34DF09632C2BAD78009C6144 /* Calorie Meter */;
			targetProxy = 34DF097F2C2BAD79009C6144 /* PBXContainerItemProxy */;
		};
/* End PBXTargetDependency section */

/* Begin XCBuildConfiguration section */
		34DF09862C2BAD79009C6144 /* Debug */ = {
			isa = XCBuildConfiguration;
			buildSettings = {
				ALWAYS_SEARCH_USER_PATHS = NO;
				ASSETCATALOG_COMPILER_GENERATE_SWIFT_ASSET_SYMBOL_EXTENSIONS = YES;
				CLANG_ANALYZER_NONNULL = YES;
				CLANG_ANALYZER_NUMBER_OBJECT_CONVERSION = YES_AGGRESSIVE;
				CLANG_CXX_LANGUAGE_STANDARD = "gnu++20";
				CLANG_ENABLE_MODULES = YES;
				CLANG_ENABLE_OBJC_ARC = YES;
				CLANG_ENABLE_OBJC_WEAK = YES;
				CLANG_WARN_BLOCK_CAPTURE_AUTORELEASING = YES;
				CLANG_WARN_BOOL_CONVERSION = YES;
				CLANG_WARN_COMMA = YES;
				CLANG_WARN_CONSTANT_CONVERSION = YES;
				CLANG_WARN_DEPRECATED_OBJC_IMPLEMENTATIONS = YES;
				CLANG_WARN_DIRECT_OBJC_ISA_USAGE = YES_ERROR;
				CLANG_WARN_DOCUMENTATION_COMMENTS = YES;
				CLANG_WARN_EMPTY_BODY = YES;
				CLANG_WARN_ENUM_CONVERSION = YES;
				CLANG_WARN_INFINITE_RECURSION = YES;
				CLANG_WARN_INT_CONVERSION = YES;
				CLANG_WARN_NON_LITERAL_NULL_CONVERSION = YES;
				CLANG_WARN_OBJC_IMPLICIT_RETAIN_SELF = YES;
				CLANG_WARN_OBJC_LITERAL_CONVERSION = YES;
				CLANG_WARN_OBJC_ROOT_CLASS = YES_ERROR;
				CLANG_WARN_QUOTED_INCLUDE_IN_FRAMEWORK_HEADER = YES;
				CLANG_WARN_RANGE_LOOP_ANALYSIS = YES;
				CLANG_WARN_STRICT_PROTOTYPES = YES;
				CLANG_WARN_SUSPICIOUS_MOVE = YES;
				CLANG_WARN_UNGUARDED_AVAILABILITY = YES_AGGRESSIVE;
				CLANG_WARN_UNREACHABLE_CODE = YES;
				CLANG_WARN__DUPLICATE_METHOD_MATCH = YES;
				COPY_PHASE_STRIP = NO;
				DEBUG_INFORMATION_FORMAT = dwarf;
				ENABLE_STRICT_OBJC_MSGSEND = YES;
				ENABLE_TESTABILITY = YES;
				ENABLE_USER_SCRIPT_SANDBOXING = YES;
				GCC_C_LANGUAGE_STANDARD = gnu17;
				GCC_DYNAMIC_NO_PIC = NO;
				GCC_NO_COMMON_BLOCKS = YES;
				GCC_OPTIMIZATION_LEVEL = 0;
				GCC_PREPROCESSOR_DEFINITIONS = (
					"DEBUG=1",
					"$(inherited)",
				);
				GCC_WARN_64_TO_32_BIT_CONVERSION = YES;
				GCC_WARN_ABOUT_RETURN_TYPE = YES_ERROR;
				GCC_WARN_UNDECLARED_SELECTOR = YES;
				GCC_WARN_UNINITIALIZED_AUTOS = YES_AGGRESSIVE;
				GCC_WARN_UNUSED_FUNCTION = YES;
				GCC_WARN_UNUSED_VARIABLE = YES;
				IPHONEOS_DEPLOYMENT_TARGET = 17.5;
				LOCALIZATION_PREFERS_STRING_CATALOGS = YES;
				MTL_ENABLE_DEBUG_INFO = INCLUDE_SOURCE;
				MTL_FAST_MATH = YES;
				ONLY_ACTIVE_ARCH = YES;
				SDKROOT = iphoneos;
				SWIFT_ACTIVE_COMPILATION_CONDITIONS = "DEBUG $(inherited)";
				SWIFT_OPTIMIZATION_LEVEL = "-Onone";
			};
			name = Debug;
		};
		34DF09872C2BAD79009C6144 /* Release */ = {
			isa = XCBuildConfiguration;
			buildSettings = {
				ALWAYS_SEARCH_USER_PATHS = NO;
				ASSETCATALOG_COMPILER_GENERATE_SWIFT_ASSET_SYMBOL_EXTENSIONS = YES;
				CLANG_ANALYZER_NONNULL = YES;
				CLANG_ANALYZER_NUMBER_OBJECT_CONVERSION = YES_AGGRESSIVE;
				CLANG_CXX_LANGUAGE_STANDARD = "gnu++20";
				CLANG_ENABLE_MODULES = YES;
				CLANG_ENABLE_OBJC_ARC = YES;
				CLANG_ENABLE_OBJC_WEAK = YES;
				CLANG_WARN_BLOCK_CAPTURE_AUTORELEASING = YES;
				CLANG_WARN_BOOL_CONVERSION = YES;
				CLANG_WARN_COMMA = YES;
				CLANG_WARN_CONSTANT_CONVERSION = YES;
				CLANG_WARN_DEPRECATED_OBJC_IMPLEMENTATIONS = YES;
				CLANG_WARN_DIRECT_OBJC_ISA_USAGE = YES_ERROR;
				CLANG_WARN_DOCUMENTATION_COMMENTS = YES;
				CLANG_WARN_EMPTY_BODY = YES;
				CLANG_WARN_ENUM_CONVERSION = YES;
				CLANG_WARN_INFINITE_RECURSION = YES;
				CLANG_WARN_INT_CONVERSION = YES;
				CLANG_WARN_NON_LITERAL_NULL_CONVERSION = YES;
				CLANG_WARN_OBJC_IMPLICIT_RETAIN_SELF = YES;
				CLANG_WARN_OBJC_LITERAL_CONVERSION = YES;
				CLANG_WARN_OBJC_ROOT_CLASS = YES_ERROR;
				CLANG_WARN_QUOTED_INCLUDE_IN_FRAMEWORK_HEADER = YES;
				CLANG_WARN_RANGE_LOOP_ANALYSIS = YES;
				CLANG_WARN_STRICT_PROTOTYPES = YES;
				CLANG_WARN_SUSPICIOUS_MOVE = YES;
				CLANG_WARN_UNGUARDED_AVAILABILITY = YES_AGGRESSIVE;
				CLANG_WARN_UNREACHABLE_CODE = YES;
				CLANG_WARN__DUPLICATE_METHOD_MATCH = YES;
				COPY_PHASE_STRIP = NO;
				DEBUG_INFORMATION_FORMAT = "dwarf-with-dsym";
				ENABLE_NS_ASSERTIONS = NO;
				ENABLE_STRICT_OBJC_MSGSEND = YES;
				ENABLE_USER_SCRIPT_SANDBOXING = YES;
				GCC_C_LANGUAGE_STANDARD = gnu17;
				GCC_NO_COMMON_BLOCKS = YES;
				GCC_WARN_64_TO_32_BIT_CONVERSION = YES;
				GCC_WARN_ABOUT_RETURN_TYPE = YES_ERROR;
				GCC_WARN_UNDECLARED_SELECTOR = YES;
				GCC_WARN_UNINITIALIZED_AUTOS = YES_AGGRESSIVE;
				GCC_WARN_UNUSED_FUNCTION = YES;
				GCC_WARN_UNUSED_VARIABLE = YES;
				IPHONEOS_DEPLOYMENT_TARGET = 17.5;
				LOCALIZATION_PREFERS_STRING_CATALOGS = YES;
				MTL_ENABLE_DEBUG_INFO = NO;
				MTL_FAST_MATH = YES;
				SDKROOT = iphoneos;
				SWIFT_COMPILATION_MODE = wholemodule;
				VALIDATE_PRODUCT = YES;
			};
			name = Release;
		};
		34DF09892C2BAD79009C6144 /* Debug */ = {
			isa = XCBuildConfiguration;
			buildSettings = {
				ASSETCATALOG_COMPILER_APPICON_NAME = AppIcon;
				ASSETCATALOG_COMPILER_GLOBAL_ACCENT_COLOR_NAME = AccentColor;
				CODE_SIGN_STYLE = Automatic;
				CURRENT_PROJECT_VERSION = 1;
				DEVELOPMENT_ASSET_PATHS = "\"Calorie Meter/Preview Content\"";
				ENABLE_PREVIEWS = YES;
				GENERATE_INFOPLIST_FILE = YES;
				INFOPLIST_KEY_UIApplicationSceneManifest_Generation = YES;
				INFOPLIST_KEY_UIApplicationSupportsIndirectInputEvents = YES;
				INFOPLIST_KEY_UILaunchScreen_Generation = YES;
				INFOPLIST_KEY_UISupportedInterfaceOrientations_iPad = "UIInterfaceOrientationPortrait UIInterfaceOrientationPortraitUpsideDown UIInterfaceOrientationLandscapeLeft UIInterfaceOrientationLandscapeRight";
				INFOPLIST_KEY_UISupportedInterfaceOrientations_iPhone = "UIInterfaceOrientationPortrait UIInterfaceOrientationLandscapeLeft UIInterfaceOrientationLandscapeRight";
				LD_RUNPATH_SEARCH_PATHS = (
					"$(inherited)",
					"@executable_path/Frameworks",
				);
				MARKETING_VERSION = 1.0;
				PRODUCT_BUNDLE_IDENTIFIER = "cloud.webpanda.Calorie-Meter";
				PRODUCT_NAME = "$(TARGET_NAME)";
				SWIFT_EMIT_LOC_STRINGS = YES;
				SWIFT_VERSION = 5.0;
				TARGETED_DEVICE_FAMILY = "1,2";
			};
			name = Debug;
		};
		34DF098A2C2BAD79009C6144 /* Release */ = {
			isa = XCBuildConfiguration;
			buildSettings = {
				ASSETCATALOG_COMPILER_APPICON_NAME = AppIcon;
				ASSETCATALOG_COMPILER_GLOBAL_ACCENT_COLOR_NAME = AccentColor;
				CODE_SIGN_STYLE = Automatic;
				CURRENT_PROJECT_VERSION = 1;
				DEVELOPMENT_ASSET_PATHS = "\"Calorie Meter/Preview Content\"";
				ENABLE_PREVIEWS = YES;
				GENERATE_INFOPLIST_FILE = YES;
				INFOPLIST_KEY_UIApplicationSceneManifest_Generation = YES;
				INFOPLIST_KEY_UIApplicationSupportsIndirectInputEvents = YES;
				INFOPLIST_KEY_UILaunchScreen_Generation = YES;
				INFOPLIST_KEY_UISupportedInterfaceOrientations_iPad = "UIInterfaceOrientationPortrait UIInterfaceOrientationPortraitUpsideDown UIInterfaceOrientationLandscapeLeft UIInterfaceOrientationLandscapeRight";
				INFOPLIST_KEY_UISupportedInterfaceOrientations_iPhone = "UIInterfaceOrientationPortrait UIInterfaceOrientationLandscapeLeft UIInterfaceOrientationLandscapeRight";
				LD_RUNPATH_SEARCH_PATHS = (
					"$(inherited)",
					"@executable_path/Frameworks",
				);
				MARKETING_VERSION = 1.0;
				PRODUCT_BUNDLE_IDENTIFIER = "cloud.webpanda.Calorie-Meter";
				PRODUCT_NAME = "$(TARGET_NAME)";
				SWIFT_EMIT_LOC_STRINGS = YES;
				SWIFT_VERSION = 5.0;
				TARGETED_DEVICE_FAMILY = "1,2";
			};
			name = Release;
		};
		34DF098C2C2BAD79009C6144 /* Debug */ = {
			isa = XCBuildConfiguration;
			buildSettings = {
				ALWAYS_EMBED_SWIFT_STANDARD_LIBRARIES = YES;
				BUNDLE_LOADER = "$(TEST_HOST)";
				CODE_SIGN_STYLE = Automatic;
				CURRENT_PROJECT_VERSION = 1;
				GENERATE_INFOPLIST_FILE = YES;
				IPHONEOS_DEPLOYMENT_TARGET = 17.5;
				MARKETING_VERSION = 1.0;
				PRODUCT_BUNDLE_IDENTIFIER = "cloud.webpanda.Calorie-MeterTests";
				PRODUCT_NAME = "$(TARGET_NAME)";
				SWIFT_EMIT_LOC_STRINGS = NO;
				SWIFT_VERSION = 5.0;
				TARGETED_DEVICE_FAMILY = "1,2";
				TEST_HOST = "$(BUILT_PRODUCTS_DIR)/Calorie Meter.app/$(BUNDLE_EXECUTABLE_FOLDER_PATH)/Calorie Meter";
			};
			name = Debug;
		};
		34DF098D2C2BAD79009C6144 /* Release */ = {
			isa = XCBuildConfiguration;
			buildSettings = {
				ALWAYS_EMBED_SWIFT_STANDARD_LIBRARIES = YES;
				BUNDLE_LOADER = "$(TEST_HOST)";
				CODE_SIGN_STYLE = Automatic;
				CURRENT_PROJECT_VERSION = 1;
				GENERATE_INFOPLIST_FILE = YES;
				IPHONEOS_DEPLOYMENT_TARGET = 17.5;
				MARKETING_VERSION = 1.0;
				PRODUCT_BUNDLE_IDENTIFIER = "cloud.webpanda.Calorie-MeterTests";
				PRODUCT_NAME = "$(TARGET_NAME)";
				SWIFT_EMIT_LOC_STRINGS = NO;
				SWIFT_VERSION = 5.0;
				TARGETED_DEVICE_FAMILY = "1,2";
				TEST_HOST = "$(BUILT_PRODUCTS_DIR)/Calorie Meter.app/$(BUNDLE_EXECUTABLE_FOLDER_PATH)/Calorie Meter";
			};
			name = Release;
		};
		34DF098F2C2BAD79009C6144 /* Debug */ = {
			isa = XCBuildConfiguration;
			buildSettings = {
				ALWAYS_EMBED_SWIFT_STANDARD_LIBRARIES = YES;
				CODE_SIGN_STYLE = Automatic;
				CURRENT_PROJECT_VERSION = 1;
				GENERATE_INFOPLIST_FILE = YES;
				MARKETING_VERSION = 1.0;
				PRODUCT_BUNDLE_IDENTIFIER = "cloud.webpanda.Calorie-MeterUITests";
				PRODUCT_NAME = "$(TARGET_NAME)";
				SWIFT_EMIT_LOC_STRINGS = NO;
				SWIFT_VERSION = 5.0;
				TARGETED_DEVICE_FAMILY = "1,2";
				TEST_TARGET_NAME = "Calorie Meter";
			};
			name = Debug;
		};
		34DF09902C2BAD79009C6144 /* Release */ = {
			isa = XCBuildConfiguration;
			buildSettings = {
				ALWAYS_EMBED_SWIFT_STANDARD_LIBRARIES = YES;
				CODE_SIGN_STYLE = Automatic;
				CURRENT_PROJECT_VERSION = 1;
				GENERATE_INFOPLIST_FILE = YES;
				MARKETING_VERSION = 1.0;
				PRODUCT_BUNDLE_IDENTIFIER = "cloud.webpanda.Calorie-MeterUITests";
				PRODUCT_NAME = "$(TARGET_NAME)";
				SWIFT_EMIT_LOC_STRINGS = NO;
				SWIFT_VERSION = 5.0;
				TARGETED_DEVICE_FAMILY = "1,2";
				TEST_TARGET_NAME = "Calorie Meter";
			};
			name = Release;
		};
/* End XCBuildConfiguration section */

/* Begin XCConfigurationList section */
		34DF095F2C2BAD78009C6144 /* Build configuration list for PBXProject "Calorie Meter" */ = {
			isa = XCConfigurationList;
			buildConfigurations = (
				34DF09862C2BAD79009C6144 /* Debug */,
				34DF09872C2BAD79009C6144 /* Release */,
			);
			defaultConfigurationIsVisible = 0;
			defaultConfigurationName = Release;
		};
		34DF09882C2BAD79009C6144 /* Build configuration list for PBXNativeTarget "Calorie Meter" */ = {
			isa = XCConfigurationList;
			buildConfigurations = (
				34DF09892C2BAD79009C6144 /* Debug */,
				34DF098A2C2BAD79009C6144 /* Release */,
			);
			defaultConfigurationIsVisible = 0;
			defaultConfigurationName = Release;
		};
		34DF098B2C2BAD79009C6144 /* Build configuration list for PBXNativeTarget "Calorie MeterTests" */ = {
			isa = XCConfigurationList;
			buildConfigurations = (
				34DF098C2C2BAD79009C6144 /* Debug */,
				34DF098D2C2BAD79009C6144 /* Release */,
			);
			defaultConfigurationIsVisible = 0;
			defaultConfigurationName = Release;
		};
		34DF098E2C2BAD79009C6144 /* Build configuration list for PBXNativeTarget "Calorie MeterUITests" */ = {
			isa = XCConfigurationList;
			buildConfigurations = (
				34DF098F2C2BAD79009C6144 /* Debug */,
				34DF09902C2BAD79009C6144 /* Release */,
			);
			defaultConfigurationIsVisible = 0;
			defaultConfigurationName = Release;
		};
/* End XCConfigurationList section */
	};
	rootObject = 34DF095C2C2BAD78009C6144 /* Project object */;
}
